// !$*UTF8*$!
{
	archiveVersion = 1;
	classes = {
	};
	objectVersion = 55;
	objects = {

/* Begin PBXBuildFile section */
		3F978579282D5CEC00725763 /* Guess_the_CountryApp.swift in Sources */ = {isa = PBXBuildFile; fileRef = 3F978578282D5CEC00725763 /* Guess_the_CountryApp.swift */; };
		3F97857B282D5CEC00725763 /* ContentView.swift in Sources */ = {isa = PBXBuildFile; fileRef = 3F97857A282D5CEC00725763 /* ContentView.swift */; };
		3F97857D282D5CF100725763 /* Assets.xcassets in Resources */ = {isa = PBXBuildFile; fileRef = 3F97857C282D5CF100725763 /* Assets.xcassets */; };
		3F978580282D5CF100725763 /* Preview Assets.xcassets in Resources */ = {isa = PBXBuildFile; fileRef = 3F97857F282D5CF100725763 /* Preview Assets.xcassets */; };
		3F97858B282DB37700725763 /* PrimaryButton.swift in Sources */ = {isa = PBXBuildFile; fileRef = 3F97858A282DB37700725763 /* PrimaryButton.swift */; };
		3F97858D282DB42F00725763 /* ProgressBar.swift in Sources */ = {isa = PBXBuildFile; fileRef = 3F97858C282DB42F00725763 /* ProgressBar.swift */; };
		3F97858F282DB4B800725763 /* AnswerRow.swift in Sources */ = {isa = PBXBuildFile; fileRef = 3F97858E282DB4B800725763 /* AnswerRow.swift */; };
		3F978591282DB69900725763 /* QuizManager.swift in Sources */ = {isa = PBXBuildFile; fileRef = 3F978590282DB69900725763 /* QuizManager.swift */; };
		3F978595282DD65600725763 /* Questions.swift in Sources */ = {isa = PBXBuildFile; fileRef = 3F978594282DD65600725763 /* Questions.swift */; };
		3F978597282DD9A600725763 /* QuestionView.swift in Sources */ = {isa = PBXBuildFile; fileRef = 3F978596282DD9A600725763 /* QuestionView.swift */; };
		3FA2AF0A282D667200AFE4C7 /* QuizView.swift in Sources */ = {isa = PBXBuildFile; fileRef = 3FA2AF09282D667200AFE4C7 /* QuizView.swift */; };
/* End PBXBuildFile section */

/* Begin PBXFileReference section */
		3F978575282D5CEC00725763 /* Guess the Country.app */ = {isa = PBXFileReference; explicitFileType = wrapper.application; includeInIndex = 0; path = "Guess the Country.app"; sourceTree = BUILT_PRODUCTS_DIR; };
		3F978578282D5CEC00725763 /* Guess_the_CountryApp.swift */ = {isa = PBXFileReference; lastKnownFileType = sourcecode.swift; path = Guess_the_CountryApp.swift; sourceTree = "<group>"; };
		3F97857A282D5CEC00725763 /* ContentView.swift */ = {isa = PBXFileReference; lastKnownFileType = sourcecode.swift; path = ContentView.swift; sourceTree = "<group>"; };
		3F97857C282D5CF100725763 /* Assets.xcassets */ = {isa = PBXFileReference; lastKnownFileType = folder.assetcatalog; path = Assets.xcassets; sourceTree = "<group>"; };
		3F97857F282D5CF100725763 /* Preview Assets.xcassets */ = {isa = PBXFileReference; lastKnownFileType = folder.assetcatalog; path = "Preview Assets.xcassets"; sourceTree = "<group>"; };
		3F97858A282DB37700725763 /* PrimaryButton.swift */ = {isa = PBXFileReference; lastKnownFileType = sourcecode.swift; path = PrimaryButton.swift; sourceTree = "<group>"; };
		3F97858C282DB42F00725763 /* ProgressBar.swift */ = {isa = PBXFileReference; lastKnownFileType = sourcecode.swift; path = ProgressBar.swift; sourceTree = "<group>"; };
		3F97858E282DB4B800725763 /* AnswerRow.swift */ = {isa = PBXFileReference; lastKnownFileType = sourcecode.swift; path = AnswerRow.swift; sourceTree = "<group>"; };
		3F978590282DB69900725763 /* QuizManager.swift */ = {isa = PBXFileReference; lastKnownFileType = sourcecode.swift; path = QuizManager.swift; sourceTree = "<group>"; };
		3F978594282DD65600725763 /* Questions.swift */ = {isa = PBXFileReference; lastKnownFileType = sourcecode.swift; path = Questions.swift; sourceTree = "<group>"; };
		3F978596282DD9A600725763 /* QuestionView.swift */ = {isa = PBXFileReference; lastKnownFileType = sourcecode.swift; path = QuestionView.swift; sourceTree = "<group>"; };
		3FA2AF09282D667200AFE4C7 /* QuizView.swift */ = {isa = PBXFileReference; lastKnownFileType = sourcecode.swift; path = QuizView.swift; sourceTree = "<group>"; };
/* End PBXFileReference section */

/* Begin PBXFrameworksBuildPhase section */
		3F978572282D5CEC00725763 /* Frameworks */ = {
			isa = PBXFrameworksBuildPhase;
			buildActionMask = 2147483647;
			files = (
			);
			runOnlyForDeploymentPostprocessing = 0;
		};
/* End PBXFrameworksBuildPhase section */

/* Begin PBXGroup section */
		3F97856C282D5CEC00725763 = {
			isa = PBXGroup;
			children = (
				3F978577282D5CEC00725763 /* Guess the Country */,
				3F978576282D5CEC00725763 /* Products */,
			);
			sourceTree = "<group>";
		};
		3F978576282D5CEC00725763 /* Products */ = {
			isa = PBXGroup;
			children = (
				3F978575282D5CEC00725763 /* Guess the Country.app */,
			);
			name = Products;
			sourceTree = "<group>";
		};
		3F978577282D5CEC00725763 /* Guess the Country */ = {
			isa = PBXGroup;
			children = (
				3F978578282D5CEC00725763 /* Guess_the_CountryApp.swift */,
				3F97857A282D5CEC00725763 /* ContentView.swift */,
				3FA2AF09282D667200AFE4C7 /* QuizView.swift */,
				3F978594282DD65600725763 /* Questions.swift */,
				3F978596282DD9A600725763 /* QuestionView.swift */,
				3F978590282DB69900725763 /* QuizManager.swift */,
				3F97858A282DB37700725763 /* PrimaryButton.swift */,
				3F97858C282DB42F00725763 /* ProgressBar.swift */,
				3F97858E282DB4B800725763 /* AnswerRow.swift */,
				3F97857C282D5CF100725763 /* Assets.xcassets */,
				3F97857E282D5CF100725763 /* Preview Content */,
			);
			path = "Guess the Country";
			sourceTree = "<group>";
		};
		3F97857E282D5CF100725763 /* Preview Content */ = {
			isa = PBXGroup;
			children = (
				3F97857F282D5CF100725763 /* Preview Assets.xcassets */,
			);
			path = "Preview Content";
			sourceTree = "<group>";
		};
/* End PBXGroup section */

/* Begin PBXNativeTarget section */
		3F978574282D5CEC00725763 /* Guess the Country */ = {
			isa = PBXNativeTarget;
			buildConfigurationList = 3F978583282D5CF100725763 /* Build configuration list for PBXNativeTarget "Guess the Country" */;
			buildPhases = (
				3F978571282D5CEC00725763 /* Sources */,
				3F978572282D5CEC00725763 /* Frameworks */,
				3F978573282D5CEC00725763 /* Resources */,
			);
			buildRules = (
			);
			dependencies = (
			);
			name = "Guess the Country";
			productName = "Guess the Country";
			productReference = 3F978575282D5CEC00725763 /* Guess the Country.app */;
			productType = "com.apple.product-type.application";
		};
/* End PBXNativeTarget section */

/* Begin PBXProject section */
		3F97856D282D5CEC00725763 /* Project object */ = {
			isa = PBXProject;
			attributes = {
				BuildIndependentTargetsInParallel = 1;
				LastSwiftUpdateCheck = 1320;
				LastUpgradeCheck = 1320;
				TargetAttributes = {
					3F978574282D5CEC00725763 = {
						CreatedOnToolsVersion = 13.2.1;
					};
				};
			};
			buildConfigurationList = 3F978570282D5CEC00725763 /* Build configuration list for PBXProject "Guess the Country" */;
			compatibilityVersion = "Xcode 13.0";
			developmentRegion = en;
			hasScannedForEncodings = 0;
			knownRegions = (
				en,
				Base,
			);
			mainGroup = 3F97856C282D5CEC00725763;
			productRefGroup = 3F978576282D5CEC00725763 /* Products */;
			projectDirPath = "";
			projectRoot = "";
			targets = (
				3F978574282D5CEC00725763 /* Guess the Country */,
			);
		};
/* End PBXProject section */

/* Begin PBXResourcesBuildPhase section */
		3F978573282D5CEC00725763 /* Resources */ = {
			isa = PBXResourcesBuildPhase;
			buildActionMask = 2147483647;
			files = (
				3F978580282D5CF100725763 /* Preview Assets.xcassets in Resources */,
				3F97857D282D5CF100725763 /* Assets.xcassets in Resources */,
			);
			runOnlyForDeploymentPostprocessing = 0;
		};
/* End PBXResourcesBuildPhase section */

/* Begin PBXSourcesBuildPhase section */
		3F978571282D5CEC00725763 /* Sources */ = {
			isa = PBXSourcesBuildPhase;
			buildActionMask = 2147483647;
			files = (
				3F978597282DD9A600725763 /* QuestionView.swift in Sources */,
				3F978595282DD65600725763 /* Questions.swift in Sources */,
				3F978591282DB69900725763 /* QuizManager.swift in Sources */,
				3FA2AF0A282D667200AFE4C7 /* QuizView.swift in Sources */,
				3F97858B282DB37700725763 /* PrimaryButton.swift in Sources */,
				3F97857B282D5CEC00725763 /* ContentView.swift in Sources */,
				3F97858F282DB4B800725763 /* AnswerRow.swift in Sources */,
				3F97858D282DB42F00725763 /* ProgressBar.swift in Sources */,
				3F978579282D5CEC00725763 /* Guess_the_CountryApp.swift in Sources */,
			);
			runOnlyForDeploymentPostprocessing = 0;
		};
/* End PBXSourcesBuildPhase section */

/* Begin XCBuildConfiguration section */
		3F978581282D5CF100725763 /* Debug */ = {
			isa = XCBuildConfiguration;
			buildSettings = {
				ALWAYS_SEARCH_USER_PATHS = NO;
				CLANG_ANALYZER_NONNULL = YES;
				CLANG_ANALYZER_NUMBER_OBJECT_CONVERSION = YES_AGGRESSIVE;
				CLANG_CXX_LANGUAGE_STANDARD = "gnu++17";
				CLANG_CXX_LIBRARY = "libc++";
				CLANG_ENABLE_MODULES = YES;
				CLANG_ENABLE_OBJC_ARC = YES;
				CLANG_ENABLE_OBJC_WEAK = YES;
				CLANG_WARN_BLOCK_CAPTURE_AUTORELEASING = YES;
				CLANG_WARN_BOOL_CONVERSION = YES;
				CLANG_WARN_COMMA = YES;
				CLANG_WARN_CONSTANT_CONVERSION = YES;
				CLANG_WARN_DEPRECATED_OBJC_IMPLEMENTATIONS = YES;
				CLANG_WARN_DIRECT_OBJC_ISA_USAGE = YES_ERROR;
				CLANG_WARN_DOCUMENTATION_COMMENTS = YES;
				CLANG_WARN_EMPTY_BODY = YES;
				CLANG_WARN_ENUM_CONVERSION = YES;
				CLANG_WARN_INFINITE_RECURSION = YES;
				CLANG_WARN_INT_CONVERSION = YES;
				CLANG_WARN_NON_LITERAL_NULL_CONVERSION = YES;
				CLANG_WARN_OBJC_IMPLICIT_RETAIN_SELF = YES;
				CLANG_WARN_OBJC_LITERAL_CONVERSION = YES;
				CLANG_WARN_OBJC_ROOT_CLASS = YES_ERROR;
				CLANG_WARN_QUOTED_INCLUDE_IN_FRAMEWORK_HEADER = YES;
				CLANG_WARN_RANGE_LOOP_ANALYSIS = YES;
				CLANG_WARN_STRICT_PROTOTYPES = YES;
				CLANG_WARN_SUSPICIOUS_MOVE = YES;
				CLANG_WARN_UNGUARDED_AVAILABILITY = YES_AGGRESSIVE;
				CLANG_WARN_UNREACHABLE_CODE = YES;
				CLANG_WARN__DUPLICATE_METHOD_MATCH = YES;
				COPY_PHASE_STRIP = NO;
				DEBUG_INFORMATION_FORMAT = dwarf;
				ENABLE_STRICT_OBJC_MSGSEND = YES;
				ENABLE_TESTABILITY = YES;
				GCC_C_LANGUAGE_STANDARD = gnu11;
				GCC_DYNAMIC_NO_PIC = NO;
				GCC_NO_COMMON_BLOCKS = YES;
				GCC_OPTIMIZATION_LEVEL = 0;
				GCC_PREPROCESSOR_DEFINITIONS = (
					"DEBUG=1",
					"$(inherited)",
				);
				GCC_WARN_64_TO_32_BIT_CONVERSION = YES;
				GCC_WARN_ABOUT_RETURN_TYPE = YES_ERROR;
				GCC_WARN_UNDECLARED_SELECTOR = YES;
				GCC_WARN_UNINITIALIZED_AUTOS = YES_AGGRESSIVE;
				GCC_WARN_UNUSED_FUNCTION = YES;
				GCC_WARN_UNUSED_VARIABLE = YES;
				IPHONEOS_DEPLOYMENT_TARGET = 15.2;
				MTL_ENABLE_DEBUG_INFO = INCLUDE_SOURCE;
				MTL_FAST_MATH = YES;
				ONLY_ACTIVE_ARCH = YES;
				SDKROOT = iphoneos;
				SWIFT_ACTIVE_COMPILATION_CONDITIONS = DEBUG;
				SWIFT_OPTIMIZATION_LEVEL = "-Onone";
			};
			name = Debug;
		};
		3F978582282D5CF100725763 /* Release */ = {
			isa = XCBuildConfiguration;
			buildSettings = {
				ALWAYS_SEARCH_USER_PATHS = NO;
				CLANG_ANALYZER_NONNULL = YES;
				CLANG_ANALYZER_NUMBER_OBJECT_CONVERSION = YES_AGGRESSIVE;
				CLANG_CXX_LANGUAGE_STANDARD = "gnu++17";
				CLANG_CXX_LIBRARY = "libc++";
				CLANG_ENABLE_MODULES = YES;
				CLANG_ENABLE_OBJC_ARC = YES;
				CLANG_ENABLE_OBJC_WEAK = YES;
				CLANG_WARN_BLOCK_CAPTURE_AUTORELEASING = YES;
				CLANG_WARN_BOOL_CONVERSION = YES;
				CLANG_WARN_COMMA = YES;
				CLANG_WARN_CONSTANT_CONVERSION = YES;
				CLANG_WARN_DEPRECATED_OBJC_IMPLEMENTATIONS = YES;
				CLANG_WARN_DIRECT_OBJC_ISA_USAGE = YES_ERROR;
				CLANG_WARN_DOCUMENTATION_COMMENTS = YES;
				CLANG_WARN_EMPTY_BODY = YES;
				CLANG_WARN_ENUM_CONVERSION = YES;
				CLANG_WARN_INFINITE_RECURSION = YES;
				CLANG_WARN_INT_CONVERSION = YES;
				CLANG_WARN_NON_LITERAL_NULL_CONVERSION = YES;
				CLANG_WARN_OBJC_IMPLICIT_RETAIN_SELF = YES;
				CLANG_WARN_OBJC_LITERAL_CONVERSION = YES;
				CLANG_WARN_OBJC_ROOT_CLASS = YES_ERROR;
				CLANG_WARN_QUOTED_INCLUDE_IN_FRAMEWORK_HEADER = YES;
				CLANG_WARN_RANGE_LOOP_ANALYSIS = YES;
				CLANG_WARN_STRICT_PROTOTYPES = YES;
				CLANG_WARN_SUSPICIOUS_MOVE = YES;
				CLANG_WARN_UNGUARDED_AVAILABILITY = YES_AGGRESSIVE;
				CLANG_WARN_UNREACHABLE_CODE = YES;
				CLANG_WARN__DUPLICATE_METHOD_MATCH = YES;
				COPY_PHASE_STRIP = NO;
				DEBUG_INFORMATION_FORMAT = "dwarf-with-dsym";
				ENABLE_NS_ASSERTIONS = NO;
				ENABLE_STRICT_OBJC_MSGSEND = YES;
				GCC_C_LANGUAGE_STANDARD = gnu11;
				GCC_NO_COMMON_BLOCKS = YES;
				GCC_WARN_64_TO_32_BIT_CONVERSION = YES;
				GCC_WARN_ABOUT_RETURN_TYPE = YES_ERROR;
				GCC_WARN_UNDECLARED_SELECTOR = YES;
				GCC_WARN_UNINITIALIZED_AUTOS = YES_AGGRESSIVE;
				GCC_WARN_UNUSED_FUNCTION = YES;
				GCC_WARN_UNUSED_VARIABLE = YES;
				IPHONEOS_DEPLOYMENT_TARGET = 15.2;
				MTL_ENABLE_DEBUG_INFO = NO;
				MTL_FAST_MATH = YES;
				SDKROOT = iphoneos;
				SWIFT_COMPILATION_MODE = wholemodule;
				SWIFT_OPTIMIZATION_LEVEL = "-O";
				VALIDATE_PRODUCT = YES;
			};
			name = Release;
		};
		3F978584282D5CF100725763 /* Debug */ = {
			isa = XCBuildConfiguration;
			buildSettings = {
				ASSETCATALOG_COMPILER_APPICON_NAME = AppIcon;
				ASSETCATALOG_COMPILER_GLOBAL_ACCENT_COLOR_NAME = AccentColor;
				CODE_SIGN_STYLE = Automatic;
				CURRENT_PROJECT_VERSION = 1;
				DEVELOPMENT_ASSET_PATHS = "\"Guess the Country/Preview Content\"";
				ENABLE_PREVIEWS = YES;
				GENERATE_INFOPLIST_FILE = YES;
				INFOPLIST_KEY_UIApplicationSceneManifest_Generation = YES;
				INFOPLIST_KEY_UIApplicationSupportsIndirectInputEvents = YES;
				INFOPLIST_KEY_UILaunchScreen_Generation = YES;
				INFOPLIST_KEY_UISupportedInterfaceOrientations_iPad = "UIInterfaceOrientationPortrait UIInterfaceOrientationPortraitUpsideDown UIInterfaceOrientationLandscapeLeft UIInterfaceOrientationLandscapeRight";
				INFOPLIST_KEY_UISupportedInterfaceOrientations_iPhone = "UIInterfaceOrientationPortrait UIInterfaceOrientationLandscapeLeft UIInterfaceOrientationLandscapeRight";
				LD_RUNPATH_SEARCH_PATHS = (
					"$(inherited)",
					"@executable_path/Frameworks",
				);
				MARKETING_VERSION = 1.0;
				PRODUCT_BUNDLE_IDENTIFIER = "Simple-Tech.Guess-the-Country";
				PRODUCT_NAME = "$(TARGET_NAME)";
				SWIFT_EMIT_LOC_STRINGS = YES;
				SWIFT_VERSION = 5.0;
				TARGETED_DEVICE_FAMILY = "1,2";
			};
			name = Debug;
		};
		3F978585282D5CF100725763 /* Release */ = {
			isa = XCBuildConfiguration;
			buildSettings = {
				ASSETCATALOG_COMPILER_APPICON_NAME = AppIcon;
				ASSETCATALOG_COMPILER_GLOBAL_ACCENT_COLOR_NAME = AccentColor;
				CODE_SIGN_STYLE = Automatic;
				CURRENT_PROJECT_VERSION = 1;
				DEVELOPMENT_ASSET_PATHS = "\"Guess the Country/Preview Content\"";
				ENABLE_PREVIEWS = YES;
				GENERATE_INFOPLIST_FILE = YES;
				INFOPLIST_KEY_UIApplicationSceneManifest_Generation = YES;
				INFOPLIST_KEY_UIApplicationSupportsIndirectInputEvents = YES;
				INFOPLIST_KEY_UILaunchScreen_Generation = YES;
				INFOPLIST_KEY_UISupportedInterfaceOrientations_iPad = "UIInterfaceOrientationPortrait UIInterfaceOrientationPortraitUpsideDown UIInterfaceOrientationLandscapeLeft UIInterfaceOrientationLandscapeRight";
				INFOPLIST_KEY_UISupportedInterfaceOrientations_iPhone = "UIInterfaceOrientationPortrait UIInterfaceOrientationLandscapeLeft UIInterfaceOrientationLandscapeRight";
				LD_RUNPATH_SEARCH_PATHS = (
					"$(inherited)",
					"@executable_path/Frameworks",
				);
				MARKETING_VERSION = 1.0;
				PRODUCT_BUNDLE_IDENTIFIER = "Simple-Tech.Guess-the-Country";
				PRODUCT_NAME = "$(TARGET_NAME)";
				SWIFT_EMIT_LOC_STRINGS = YES;
				SWIFT_VERSION = 5.0;
				TARGETED_DEVICE_FAMILY = "1,2";
			};
			name = Release;
		};
/* End XCBuildConfiguration section */

/* Begin XCConfigurationList section */
		3F978570282D5CEC00725763 /* Build configuration list for PBXProject "Guess the Country" */ = {
			isa = XCConfigurationList;
			buildConfigurations = (
				3F978581282D5CF100725763 /* Debug */,
				3F978582282D5CF100725763 /* Release */,
			);
			defaultConfigurationIsVisible = 0;
			defaultConfigurationName = Release;
		};
		3F978583282D5CF100725763 /* Build configuration list for PBXNativeTarget "Guess the Country" */ = {
			isa = XCConfigurationList;
			buildConfigurations = (
				3F978584282D5CF100725763 /* Debug */,
				3F978585282D5CF100725763 /* Release */,
			);
			defaultConfigurationIsVisible = 0;
			defaultConfigurationName = Release;
		};
/* End XCConfigurationList section */
	};
	rootObject = 3F97856D282D5CEC00725763 /* Project object */;
}
